// !$*UTF8*$!
{
	archiveVersion = 1;
	classes = {
	};
	objectVersion = 56;
	objects = {

/* Begin PBXBuildFile section */
		699E09002B2AA59F00DB26D3 /* RestaurantOrderApp.swift in Sources */ = {isa = PBXBuildFile; fileRef = 699E08FF2B2AA59F00DB26D3 /* RestaurantOrderApp.swift */; };
		699E09022B2AA59F00DB26D3 /* FoodListView.swift in Sources */ = {isa = PBXBuildFile; fileRef = 699E09012B2AA59F00DB26D3 /* FoodListView.swift */; };
		699E09042B2AA5A100DB26D3 /* Assets.xcassets in Resources */ = {isa = PBXBuildFile; fileRef = 699E09032B2AA5A100DB26D3 /* Assets.xcassets */; };
		699E09072B2AA5A100DB26D3 /* Preview Assets.xcassets in Resources */ = {isa = PBXBuildFile; fileRef = 699E09062B2AA5A100DB26D3 /* Preview Assets.xcassets */; };
		699E090F2B2ADDC500DB26D3 /* FoodMenu.swift in Sources */ = {isa = PBXBuildFile; fileRef = 699E090E2B2ADDC500DB26D3 /* FoodMenu.swift */; };
		699E09132B2ADEAE00DB26D3 /* MenuViewModel.swift in Sources */ = {isa = PBXBuildFile; fileRef = 699E09122B2ADEAE00DB26D3 /* MenuViewModel.swift */; };
		699E092E2B2AE2F200DB26D3 /* food.json in Resources */ = {isa = PBXBuildFile; fileRef = 699E09102B2ADDDE00DB26D3 /* food.json */; };
		699E09322B2AE74700DB26D3 /* FoodListCell.swift in Sources */ = {isa = PBXBuildFile; fileRef = 699E09312B2AE74700DB26D3 /* FoodListCell.swift */; };
		699E09342B2AEC5300DB26D3 /* FoodDetailView.swift in Sources */ = {isa = PBXBuildFile; fileRef = 699E09332B2AEC5300DB26D3 /* FoodDetailView.swift */; };
		699E09372B2BF2A200DB26D3 /* OrderSummaryView.swift in Sources */ = {isa = PBXBuildFile; fileRef = 699E09362B2BF2A200DB26D3 /* OrderSummaryView.swift */; };
		699E09392B2BF2B800DB26D3 /* MainView.swift in Sources */ = {isa = PBXBuildFile; fileRef = 699E09382B2BF2B800DB26D3 /* MainView.swift */; };
		699E093B2B2BF55700DB26D3 /* OrderSummaryCell.swift in Sources */ = {isa = PBXBuildFile; fileRef = 699E093A2B2BF55700DB26D3 /* OrderSummaryCell.swift */; };
		699E093F2B2BFC2200DB26D3 /* TotalView.swift in Sources */ = {isa = PBXBuildFile; fileRef = 699E093E2B2BFC2200DB26D3 /* TotalView.swift */; };
		699E09432B2C097000DB26D3 /* TabSelectionManager.swift in Sources */ = {isa = PBXBuildFile; fileRef = 699E09422B2C097000DB26D3 /* TabSelectionManager.swift */; };
/* End PBXBuildFile section */

/* Begin PBXFileReference section */
		699E08FC2B2AA59F00DB26D3 /* Foodies.app */ = {isa = PBXFileReference; explicitFileType = wrapper.application; includeInIndex = 0; path = Foodies.app; sourceTree = BUILT_PRODUCTS_DIR; };
		699E08FF2B2AA59F00DB26D3 /* RestaurantOrderApp.swift */ = {isa = PBXFileReference; lastKnownFileType = sourcecode.swift; path = RestaurantOrderApp.swift; sourceTree = "<group>"; };
		699E09012B2AA59F00DB26D3 /* FoodListView.swift */ = {isa = PBXFileReference; lastKnownFileType = sourcecode.swift; path = FoodListView.swift; sourceTree = "<group>"; };
		699E09032B2AA5A100DB26D3 /* Assets.xcassets */ = {isa = PBXFileReference; lastKnownFileType = folder.assetcatalog; path = Assets.xcassets; sourceTree = "<group>"; };
		699E09062B2AA5A100DB26D3 /* Preview Assets.xcassets */ = {isa = PBXFileReference; lastKnownFileType = folder.assetcatalog; path = "Preview Assets.xcassets"; sourceTree = "<group>"; };
		699E090E2B2ADDC500DB26D3 /* FoodMenu.swift */ = {isa = PBXFileReference; lastKnownFileType = sourcecode.swift; path = FoodMenu.swift; sourceTree = "<group>"; };
		699E09102B2ADDDE00DB26D3 /* food.json */ = {isa = PBXFileReference; lastKnownFileType = text.json; path = food.json; sourceTree = "<group>"; };
		699E09122B2ADEAE00DB26D3 /* MenuViewModel.swift */ = {isa = PBXFileReference; lastKnownFileType = sourcecode.swift; path = MenuViewModel.swift; sourceTree = "<group>"; };
		699E09312B2AE74700DB26D3 /* FoodListCell.swift */ = {isa = PBXFileReference; lastKnownFileType = sourcecode.swift; path = FoodListCell.swift; sourceTree = "<group>"; };
		699E09332B2AEC5300DB26D3 /* FoodDetailView.swift */ = {isa = PBXFileReference; lastKnownFileType = sourcecode.swift; path = FoodDetailView.swift; sourceTree = "<group>"; };
		699E09362B2BF2A200DB26D3 /* OrderSummaryView.swift */ = {isa = PBXFileReference; lastKnownFileType = sourcecode.swift; path = OrderSummaryView.swift; sourceTree = "<group>"; };
		699E09382B2BF2B800DB26D3 /* MainView.swift */ = {isa = PBXFileReference; lastKnownFileType = sourcecode.swift; path = MainView.swift; sourceTree = "<group>"; };
		699E093A2B2BF55700DB26D3 /* OrderSummaryCell.swift */ = {isa = PBXFileReference; lastKnownFileType = sourcecode.swift; path = OrderSummaryCell.swift; sourceTree = "<group>"; };
		699E093E2B2BFC2200DB26D3 /* TotalView.swift */ = {isa = PBXFileReference; lastKnownFileType = sourcecode.swift; path = TotalView.swift; sourceTree = "<group>"; };
		699E09422B2C097000DB26D3 /* TabSelectionManager.swift */ = {isa = PBXFileReference; lastKnownFileType = sourcecode.swift; path = TabSelectionManager.swift; sourceTree = "<group>"; };
/* End PBXFileReference section */

/* Begin PBXFrameworksBuildPhase section */
		699E08F92B2AA59F00DB26D3 /* Frameworks */ = {
			isa = PBXFrameworksBuildPhase;
			buildActionMask = 2147483647;
			files = (
			);
			runOnlyForDeploymentPostprocessing = 0;
		};
/* End PBXFrameworksBuildPhase section */

/* Begin PBXGroup section */
		699E08F32B2AA59F00DB26D3 = {
			isa = PBXGroup;
			children = (
				699E08FE2B2AA59F00DB26D3 /* RestaurantOrder */,
				699E08FD2B2AA59F00DB26D3 /* Products */,
			);
			sourceTree = "<group>";
		};
		699E08FD2B2AA59F00DB26D3 /* Products */ = {
			isa = PBXGroup;
			children = (
				699E08FC2B2AA59F00DB26D3 /* Foodies.app */,
			);
			name = Products;
			sourceTree = "<group>";
		};
		699E08FE2B2AA59F00DB26D3 /* RestaurantOrder */ = {
			isa = PBXGroup;
			children = (
				699E09352B2AF50000DB26D3 /* View */,
				699E09112B2ADE9500DB26D3 /* ViewModel */,
				699E090D2B2ADDBD00DB26D3 /* Model */,
				699E08FF2B2AA59F00DB26D3 /* RestaurantOrderApp.swift */,
				699E09032B2AA5A100DB26D3 /* Assets.xcassets */,
				699E09052B2AA5A100DB26D3 /* Preview Content */,
				699E09102B2ADDDE00DB26D3 /* food.json */,
				699E09422B2C097000DB26D3 /* TabSelectionManager.swift */,
			);
			path = RestaurantOrder;
			sourceTree = "<group>";
		};
		699E09052B2AA5A100DB26D3 /* Preview Content */ = {
			isa = PBXGroup;
			children = (
				699E09062B2AA5A100DB26D3 /* Preview Assets.xcassets */,
			);
			path = "Preview Content";
			sourceTree = "<group>";
		};
		699E090D2B2ADDBD00DB26D3 /* Model */ = {
			isa = PBXGroup;
			children = (
				699E090E2B2ADDC500DB26D3 /* FoodMenu.swift */,
			);
			path = Model;
			sourceTree = "<group>";
		};
		699E09112B2ADE9500DB26D3 /* ViewModel */ = {
			isa = PBXGroup;
			children = (
				699E09122B2ADEAE00DB26D3 /* MenuViewModel.swift */,
			);
			path = ViewModel;
			sourceTree = "<group>";
		};
		699E09352B2AF50000DB26D3 /* View */ = {
			isa = PBXGroup;
			children = (
				699E09012B2AA59F00DB26D3 /* FoodListView.swift */,
				699E09312B2AE74700DB26D3 /* FoodListCell.swift */,
				699E09332B2AEC5300DB26D3 /* FoodDetailView.swift */,
				699E09362B2BF2A200DB26D3 /* OrderSummaryView.swift */,
				699E093A2B2BF55700DB26D3 /* OrderSummaryCell.swift */,
				699E09382B2BF2B800DB26D3 /* MainView.swift */,
				699E093E2B2BFC2200DB26D3 /* TotalView.swift */,
			);
			path = View;
			sourceTree = "<group>";
		};
/* End PBXGroup section */

/* Begin PBXNativeTarget section */
		699E08FB2B2AA59F00DB26D3 /* RestaurantOrder */ = {
			isa = PBXNativeTarget;
			buildConfigurationList = 699E090A2B2AA5A100DB26D3 /* Build configuration list for PBXNativeTarget "RestaurantOrder" */;
			buildPhases = (
				699E08F82B2AA59F00DB26D3 /* Sources */,
				699E08F92B2AA59F00DB26D3 /* Frameworks */,
				699E08FA2B2AA59F00DB26D3 /* Resources */,
			);
			buildRules = (
			);
			dependencies = (
			);
			name = RestaurantOrder;
			productName = RestaurantOrder;
			productReference = 699E08FC2B2AA59F00DB26D3 /* Foodies.app */;
			productType = "com.apple.product-type.application";
		};
/* End PBXNativeTarget section */

/* Begin PBXProject section */
		699E08F42B2AA59F00DB26D3 /* Project object */ = {
			isa = PBXProject;
			attributes = {
				BuildIndependentTargetsInParallel = 1;
				LastSwiftUpdateCheck = 1500;
				LastUpgradeCheck = 1500;
				TargetAttributes = {
					699E08FB2B2AA59F00DB26D3 = {
						CreatedOnToolsVersion = 15.0.1;
					};
				};
			};
			buildConfigurationList = 699E08F72B2AA59F00DB26D3 /* Build configuration list for PBXProject "RestaurantOrder" */;
			compatibilityVersion = "Xcode 14.0";
			developmentRegion = en;
			hasScannedForEncodings = 0;
			knownRegions = (
				en,
				Base,
			);
			mainGroup = 699E08F32B2AA59F00DB26D3;
			productRefGroup = 699E08FD2B2AA59F00DB26D3 /* Products */;
			projectDirPath = "";
			projectRoot = "";
			targets = (
				699E08FB2B2AA59F00DB26D3 /* RestaurantOrder */,
			);
		};
/* End PBXProject section */

/* Begin PBXResourcesBuildPhase section */
		699E08FA2B2AA59F00DB26D3 /* Resources */ = {
			isa = PBXResourcesBuildPhase;
			buildActionMask = 2147483647;
			files = (
				699E092E2B2AE2F200DB26D3 /* food.json in Resources */,
				699E09072B2AA5A100DB26D3 /* Preview Assets.xcassets in Resources */,
				699E09042B2AA5A100DB26D3 /* Assets.xcassets in Resources */,
			);
			runOnlyForDeploymentPostprocessing = 0;
		};
/* End PBXResourcesBuildPhase section */

/* Begin PBXSourcesBuildPhase section */
		699E08F82B2AA59F00DB26D3 /* Sources */ = {
			isa = PBXSourcesBuildPhase;
			buildActionMask = 2147483647;
			files = (
				699E093B2B2BF55700DB26D3 /* OrderSummaryCell.swift in Sources */,
				699E093F2B2BFC2200DB26D3 /* TotalView.swift in Sources */,
				699E090F2B2ADDC500DB26D3 /* FoodMenu.swift in Sources */,
				699E09432B2C097000DB26D3 /* TabSelectionManager.swift in Sources */,
				699E09392B2BF2B800DB26D3 /* MainView.swift in Sources */,
				699E09022B2AA59F00DB26D3 /* FoodListView.swift in Sources */,
				699E09002B2AA59F00DB26D3 /* RestaurantOrderApp.swift in Sources */,
				699E09132B2ADEAE00DB26D3 /* MenuViewModel.swift in Sources */,
				699E09322B2AE74700DB26D3 /* FoodListCell.swift in Sources */,
				699E09372B2BF2A200DB26D3 /* OrderSummaryView.swift in Sources */,
				699E09342B2AEC5300DB26D3 /* FoodDetailView.swift in Sources */,
			);
			runOnlyForDeploymentPostprocessing = 0;
		};
/* End PBXSourcesBuildPhase section */

/* Begin XCBuildConfiguration section */
		699E09082B2AA5A100DB26D3 /* Debug */ = {
			isa = XCBuildConfiguration;
			buildSettings = {
				ALWAYS_SEARCH_USER_PATHS = NO;
				ASSETCATALOG_COMPILER_GENERATE_SWIFT_ASSET_SYMBOL_EXTENSIONS = YES;
				CLANG_ANALYZER_NONNULL = YES;
				CLANG_ANALYZER_NUMBER_OBJECT_CONVERSION = YES_AGGRESSIVE;
				CLANG_CXX_LANGUAGE_STANDARD = "gnu++20";
				CLANG_ENABLE_MODULES = YES;
				CLANG_ENABLE_OBJC_ARC = YES;
				CLANG_ENABLE_OBJC_WEAK = YES;
				CLANG_WARN_BLOCK_CAPTURE_AUTORELEASING = YES;
				CLANG_WARN_BOOL_CONVERSION = YES;
				CLANG_WARN_COMMA = YES;
				CLANG_WARN_CONSTANT_CONVERSION = YES;
				CLANG_WARN_DEPRECATED_OBJC_IMPLEMENTATIONS = YES;
				CLANG_WARN_DIRECT_OBJC_ISA_USAGE = YES_ERROR;
				CLANG_WARN_DOCUMENTATION_COMMENTS = YES;
				CLANG_WARN_EMPTY_BODY = YES;
				CLANG_WARN_ENUM_CONVERSION = YES;
				CLANG_WARN_INFINITE_RECURSION = YES;
				CLANG_WARN_INT_CONVERSION = YES;
				CLANG_WARN_NON_LITERAL_NULL_CONVERSION = YES;
				CLANG_WARN_OBJC_IMPLICIT_RETAIN_SELF = YES;
				CLANG_WARN_OBJC_LITERAL_CONVERSION = YES;
				CLANG_WARN_OBJC_ROOT_CLASS = YES_ERROR;
				CLANG_WARN_QUOTED_INCLUDE_IN_FRAMEWORK_HEADER = YES;
				CLANG_WARN_RANGE_LOOP_ANALYSIS = YES;
				CLANG_WARN_STRICT_PROTOTYPES = YES;
				CLANG_WARN_SUSPICIOUS_MOVE = YES;
				CLANG_WARN_UNGUARDED_AVAILABILITY = YES_AGGRESSIVE;
				CLANG_WARN_UNREACHABLE_CODE = YES;
				CLANG_WARN__DUPLICATE_METHOD_MATCH = YES;
				COPY_PHASE_STRIP = NO;
				DEBUG_INFORMATION_FORMAT = dwarf;
				ENABLE_STRICT_OBJC_MSGSEND = YES;
				ENABLE_TESTABILITY = YES;
				ENABLE_USER_SCRIPT_SANDBOXING = YES;
				GCC_C_LANGUAGE_STANDARD = gnu17;
				GCC_DYNAMIC_NO_PIC = NO;
				GCC_NO_COMMON_BLOCKS = YES;
				GCC_OPTIMIZATION_LEVEL = 0;
				GCC_PREPROCESSOR_DEFINITIONS = (
					"DEBUG=1",
					"$(inherited)",
				);
				GCC_WARN_64_TO_32_BIT_CONVERSION = YES;
				GCC_WARN_ABOUT_RETURN_TYPE = YES_ERROR;
				GCC_WARN_UNDECLARED_SELECTOR = YES;
				GCC_WARN_UNINITIALIZED_AUTOS = YES_AGGRESSIVE;
				GCC_WARN_UNUSED_FUNCTION = YES;
				GCC_WARN_UNUSED_VARIABLE = YES;
				IPHONEOS_DEPLOYMENT_TARGET = 17.0;
				LOCALIZATION_PREFERS_STRING_CATALOGS = YES;
				MTL_ENABLE_DEBUG_INFO = INCLUDE_SOURCE;
				MTL_FAST_MATH = YES;
				ONLY_ACTIVE_ARCH = YES;
				SDKROOT = iphoneos;
				SWIFT_ACTIVE_COMPILATION_CONDITIONS = "DEBUG $(inherited)";
				SWIFT_OPTIMIZATION_LEVEL = "-Onone";
			};
			name = Debug;
		};
		699E09092B2AA5A100DB26D3 /* Release */ = {
			isa = XCBuildConfiguration;
			buildSettings = {
				ALWAYS_SEARCH_USER_PATHS = NO;
				ASSETCATALOG_COMPILER_GENERATE_SWIFT_ASSET_SYMBOL_EXTENSIONS = YES;
				CLANG_ANALYZER_NONNULL = YES;
				CLANG_ANALYZER_NUMBER_OBJECT_CONVERSION = YES_AGGRESSIVE;
				CLANG_CXX_LANGUAGE_STANDARD = "gnu++20";
				CLANG_ENABLE_MODULES = YES;
				CLANG_ENABLE_OBJC_ARC = YES;
				CLANG_ENABLE_OBJC_WEAK = YES;
				CLANG_WARN_BLOCK_CAPTURE_AUTORELEASING = YES;
				CLANG_WARN_BOOL_CONVERSION = YES;
				CLANG_WARN_COMMA = YES;
				CLANG_WARN_CONSTANT_CONVERSION = YES;
				CLANG_WARN_DEPRECATED_OBJC_IMPLEMENTATIONS = YES;
				CLANG_WARN_DIRECT_OBJC_ISA_USAGE = YES_ERROR;
				CLANG_WARN_DOCUMENTATION_COMMENTS = YES;
				CLANG_WARN_EMPTY_BODY = YES;
				CLANG_WARN_ENUM_CONVERSION = YES;
				CLANG_WARN_INFINITE_RECURSION = YES;
				CLANG_WARN_INT_CONVERSION = YES;
				CLANG_WARN_NON_LITERAL_NULL_CONVERSION = YES;
				CLANG_WARN_OBJC_IMPLICIT_RETAIN_SELF = YES;
				CLANG_WARN_OBJC_LITERAL_CONVERSION = YES;
				CLANG_WARN_OBJC_ROOT_CLASS = YES_ERROR;
				CLANG_WARN_QUOTED_INCLUDE_IN_FRAMEWORK_HEADER = YES;
				CLANG_WARN_RANGE_LOOP_ANALYSIS = YES;
				CLANG_WARN_STRICT_PROTOTYPES = YES;
				CLANG_WARN_SUSPICIOUS_MOVE = YES;
				CLANG_WARN_UNGUARDED_AVAILABILITY = YES_AGGRESSIVE;
				CLANG_WARN_UNREACHABLE_CODE = YES;
				CLANG_WARN__DUPLICATE_METHOD_MATCH = YES;
				COPY_PHASE_STRIP = NO;
				DEBUG_INFORMATION_FORMAT = "dwarf-with-dsym";
				ENABLE_NS_ASSERTIONS = NO;
				ENABLE_STRICT_OBJC_MSGSEND = YES;
				ENABLE_USER_SCRIPT_SANDBOXING = YES;
				GCC_C_LANGUAGE_STANDARD = gnu17;
				GCC_NO_COMMON_BLOCKS = YES;
				GCC_WARN_64_TO_32_BIT_CONVERSION = YES;
				GCC_WARN_ABOUT_RETURN_TYPE = YES_ERROR;
				GCC_WARN_UNDECLARED_SELECTOR = YES;
				GCC_WARN_UNINITIALIZED_AUTOS = YES_AGGRESSIVE;
				GCC_WARN_UNUSED_FUNCTION = YES;
				GCC_WARN_UNUSED_VARIABLE = YES;
				IPHONEOS_DEPLOYMENT_TARGET = 17.0;
				LOCALIZATION_PREFERS_STRING_CATALOGS = YES;
				MTL_ENABLE_DEBUG_INFO = NO;
				MTL_FAST_MATH = YES;
				SDKROOT = iphoneos;
				SWIFT_COMPILATION_MODE = wholemodule;
				VALIDATE_PRODUCT = YES;
			};
			name = Release;
		};
		699E090B2B2AA5A100DB26D3 /* Debug */ = {
			isa = XCBuildConfiguration;
			buildSettings = {
				ASSETCATALOG_COMPILER_APPICON_NAME = AppIcon;
				ASSETCATALOG_COMPILER_GLOBAL_ACCENT_COLOR_NAME = AccentColor;
				CODE_SIGN_STYLE = Automatic;
				CURRENT_PROJECT_VERSION = 1;
				DEVELOPMENT_ASSET_PATHS = "\"RestaurantOrder/Preview Content\"";
				ENABLE_PREVIEWS = YES;
				GENERATE_INFOPLIST_FILE = YES;
				INFOPLIST_KEY_UIApplicationSceneManifest_Generation = YES;
				INFOPLIST_KEY_UIApplicationSupportsIndirectInputEvents = YES;
				INFOPLIST_KEY_UILaunchScreen_Generation = YES;
				INFOPLIST_KEY_UISupportedInterfaceOrientations_iPad = "UIInterfaceOrientationPortrait UIInterfaceOrientationPortraitUpsideDown UIInterfaceOrientationLandscapeLeft UIInterfaceOrientationLandscapeRight";
				INFOPLIST_KEY_UISupportedInterfaceOrientations_iPhone = "UIInterfaceOrientationPortrait UIInterfaceOrientationLandscapeLeft UIInterfaceOrientationLandscapeRight";
				LD_RUNPATH_SEARCH_PATHS = (
					"$(inherited)",
					"@executable_path/Frameworks",
				);
				MARKETING_VERSION = 1.0;
				PRODUCT_BUNDLE_IDENTIFIER = com.Fiona.RestaurantOrder;
				PRODUCT_NAME = Foodies;
				SWIFT_EMIT_LOC_STRINGS = YES;
				SWIFT_VERSION = 5.0;
				TARGETED_DEVICE_FAMILY = "1,2";
			};
			name = Debug;
		};
		699E090C2B2AA5A100DB26D3 /* Release */ = {
			isa = XCBuildConfiguration;
			buildSettings = {
				ASSETCATALOG_COMPILER_APPICON_NAME = AppIcon;
				ASSETCATALOG_COMPILER_GLOBAL_ACCENT_COLOR_NAME = AccentColor;
				CODE_SIGN_STYLE = Automatic;
				CURRENT_PROJECT_VERSION = 1;
				DEVELOPMENT_ASSET_PATHS = "\"RestaurantOrder/Preview Content\"";
				ENABLE_PREVIEWS = YES;
				GENERATE_INFOPLIST_FILE = YES;
				INFOPLIST_KEY_UIApplicationSceneManifest_Generation = YES;
				INFOPLIST_KEY_UIApplicationSupportsIndirectInputEvents = YES;
				INFOPLIST_KEY_UILaunchScreen_Generation = YES;
				INFOPLIST_KEY_UISupportedInterfaceOrientations_iPad = "UIInterfaceOrientationPortrait UIInterfaceOrientationPortraitUpsideDown UIInterfaceOrientationLandscapeLeft UIInterfaceOrientationLandscapeRight";
				INFOPLIST_KEY_UISupportedInterfaceOrientations_iPhone = "UIInterfaceOrientationPortrait UIInterfaceOrientationLandscapeLeft UIInterfaceOrientationLandscapeRight";
				LD_RUNPATH_SEARCH_PATHS = (
					"$(inherited)",
					"@executable_path/Frameworks",
				);
				MARKETING_VERSION = 1.0;
				PRODUCT_BUNDLE_IDENTIFIER = com.Fiona.RestaurantOrder;
				PRODUCT_NAME = Foodies;
				SWIFT_EMIT_LOC_STRINGS = YES;
				SWIFT_VERSION = 5.0;
				TARGETED_DEVICE_FAMILY = "1,2";
			};
			name = Release;
		};
/* End XCBuildConfiguration section */

/* Begin XCConfigurationList section */
		699E08F72B2AA59F00DB26D3 /* Build configuration list for PBXProject "RestaurantOrder" */ = {
			isa = XCConfigurationList;
			buildConfigurations = (
				699E09082B2AA5A100DB26D3 /* Debug */,
				699E09092B2AA5A100DB26D3 /* Release */,
			);
			defaultConfigurationIsVisible = 0;
			defaultConfigurationName = Release;
		};
		699E090A2B2AA5A100DB26D3 /* Build configuration list for PBXNativeTarget "RestaurantOrder" */ = {
			isa = XCConfigurationList;
			buildConfigurations = (
				699E090B2B2AA5A100DB26D3 /* Debug */,
				699E090C2B2AA5A100DB26D3 /* Release */,
			);
			defaultConfigurationIsVisible = 0;
			defaultConfigurationName = Release;
		};
/* End XCConfigurationList section */
	};
	rootObject = 699E08F42B2AA59F00DB26D3 /* Project object */;
}
